// !$*UTF8*$!
{
	archiveVersion = 1;
	classes = {
	};
	objectVersion = 51;
	objects = {

/* Begin PBXBuildFile section */
		3578B7E7C767DF5D7CCA87A8 /* Pods_PetRescueTests.framework in Frameworks */ = {isa = PBXBuildFile; fileRef = A0D95798F06FFAD4326F9929 /* Pods_PetRescueTests.framework */; };
		40DF9BDB20B30601F3F1D398 /* Pods_PetRescue.framework in Frameworks */ = {isa = PBXBuildFile; fileRef = BB2C9B0CD2A4AD2497FD0EFE /* Pods_PetRescue.framework */; };
		5C5C1D9D24767A7B0079DB95 /* MyAdViewController.swift in Sources */ = {isa = PBXBuildFile; fileRef = 5C5C1D9A24767A7B0079DB95 /* MyAdViewController.swift */; };
		5C5C1D9E24767A7B0079DB95 /* ProfilMenuViewController.swift in Sources */ = {isa = PBXBuildFile; fileRef = 5C5C1D9B24767A7B0079DB95 /* ProfilMenuViewController.swift */; };
		5C5C1D9F24767A7B0079DB95 /* Menu.swift in Sources */ = {isa = PBXBuildFile; fileRef = 5C5C1D9C24767A7B0079DB95 /* Menu.swift */; };
		5C5C1DA324767FE70079DB95 /* MyAdTableViewCell.swift in Sources */ = {isa = PBXBuildFile; fileRef = 5C5C1DA224767FE70079DB95 /* MyAdTableViewCell.swift */; };
		5C5C1DA5247805C60079DB95 /* GoogleService-Info.plist in Resources */ = {isa = PBXBuildFile; fileRef = 5C5C1DA4247805C60079DB95 /* GoogleService-Info.plist */; };
		5C9C2F6A2460D648002A02F1 /* DetailsViewController.swift in Sources */ = {isa = PBXBuildFile; fileRef = 5C9C2F692460D648002A02F1 /* DetailsViewController.swift */; };
		5C9D4CC2245704360015AB09 /* GradientBackground.swift in Sources */ = {isa = PBXBuildFile; fileRef = 5C9D4CC1245704360015AB09 /* GradientBackground.swift */; };
		5C9D4CC82457496C0015AB09 /* NavBarSetUp.swift in Sources */ = {isa = PBXBuildFile; fileRef = 5C9D4CC72457496C0015AB09 /* NavBarSetUp.swift */; };
		5CA12EFE2458CD26006AC92B /* ResetPasswordViewController.swift in Sources */ = {isa = PBXBuildFile; fileRef = 5CA12EFD2458CD26006AC92B /* ResetPasswordViewController.swift */; };
		5CA12F002458DD03006AC92B /* InputValuesManager.swift in Sources */ = {isa = PBXBuildFile; fileRef = 5CA12EFF2458DD03006AC92B /* InputValuesManager.swift */; };
		5CA12F022458DFCD006AC92B /* ItemSetUp.swift in Sources */ = {isa = PBXBuildFile; fileRef = 5CA12F012458DFCD006AC92B /* ItemSetUp.swift */; };
		5CA12F04245A127D006AC92B /* SignInViewController.swift in Sources */ = {isa = PBXBuildFile; fileRef = 5CA12F03245A127D006AC92B /* SignInViewController.swift */; };
		5CA12F09245C6309006AC92B /* MainFeedController.swift in Sources */ = {isa = PBXBuildFile; fileRef = 5CA12F08245C6309006AC92B /* MainFeedController.swift */; };
		5CA12F0B245E0FF0006AC92B /* MainFeedTableViewCell.swift in Sources */ = {isa = PBXBuildFile; fileRef = 5CA12F0A245E0FF0006AC92B /* MainFeedTableViewCell.swift */; };
		5CA12F0F245F5335006AC92B /* AddAdoptionViewController.swift in Sources */ = {isa = PBXBuildFile; fileRef = 5CA12F0E245F5335006AC92B /* AddAdoptionViewController.swift */; };
		5CB7BC02246882D100E09673 /* AdManager.swift in Sources */ = {isa = PBXBuildFile; fileRef = 5CB7BC01246882D100E09673 /* AdManager.swift */; };
		5CC2A26B246B330900231641 /* PickViewDatas.swift in Sources */ = {isa = PBXBuildFile; fileRef = 5CC2A26A246B330900231641 /* PickViewDatas.swift */; };
		5CCB2DD42454CD070038038A /* UserManager.swift in Sources */ = {isa = PBXBuildFile; fileRef = 5CCB2DD32454CD070038038A /* UserManager.swift */; };
		5CCB2DD62454E45A0038038A /* SignUpViewController.swift in Sources */ = {isa = PBXBuildFile; fileRef = 5CCB2DD52454E45A0038038A /* SignUpViewController.swift */; };
		5CD4148824622C2A00FFDB30 /* TabBarSetUpController.swift in Sources */ = {isa = PBXBuildFile; fileRef = 5CD4148724622C2A00FFDB30 /* TabBarSetUpController.swift */; };
		5CF24C2C2452306B00077B33 /* AppDelegate.swift in Sources */ = {isa = PBXBuildFile; fileRef = 5CF24C2B2452306B00077B33 /* AppDelegate.swift */; };
		5CF24C2E2452306B00077B33 /* SceneDelegate.swift in Sources */ = {isa = PBXBuildFile; fileRef = 5CF24C2D2452306B00077B33 /* SceneDelegate.swift */; };
		5CF24C332452306B00077B33 /* Main.storyboard in Resources */ = {isa = PBXBuildFile; fileRef = 5CF24C312452306B00077B33 /* Main.storyboard */; };
		5CF24C362452306B00077B33 /* PetRescue.xcdatamodeld in Sources */ = {isa = PBXBuildFile; fileRef = 5CF24C342452306B00077B33 /* PetRescue.xcdatamodeld */; };
		5CF24C382452307000077B33 /* Assets.xcassets in Resources */ = {isa = PBXBuildFile; fileRef = 5CF24C372452307000077B33 /* Assets.xcassets */; };
		5CF24C3B2452307000077B33 /* LaunchScreen.storyboard in Resources */ = {isa = PBXBuildFile; fileRef = 5CF24C392452307000077B33 /* LaunchScreen.storyboard */; };
		5CF24C462452307000077B33 /* PetRescueTests.swift in Sources */ = {isa = PBXBuildFile; fileRef = 5CF24C452452307000077B33 /* PetRescueTests.swift */; };
		5CF24C5524534C9200077B33 /* LogInViewController.swift in Sources */ = {isa = PBXBuildFile; fileRef = 5CF24C5424534C9200077B33 /* LogInViewController.swift */; };
		5CF24C5C24538DCC00077B33 /* Colors.swift in Sources */ = {isa = PBXBuildFile; fileRef = 5CF24C5B24538DCC00077B33 /* Colors.swift */; };
/* End PBXBuildFile section */

/* Begin PBXContainerItemProxy section */
		5CF24C422452307000077B33 /* PBXContainerItemProxy */ = {
			isa = PBXContainerItemProxy;
			containerPortal = 5CF24C202452306B00077B33 /* Project object */;
			proxyType = 1;
			remoteGlobalIDString = 5CF24C272452306B00077B33;
			remoteInfo = PetRescue;
		};
/* End PBXContainerItemProxy section */

/* Begin PBXFileReference section */
		278192B6DDE8671153CA4192 /* Pods-PetRescue.release.xcconfig */ = {isa = PBXFileReference; includeInIndex = 1; lastKnownFileType = text.xcconfig; name = "Pods-PetRescue.release.xcconfig"; path = "Target Support Files/Pods-PetRescue/Pods-PetRescue.release.xcconfig"; sourceTree = "<group>"; };
		2BF171235C611F8AB9CFC1C4 /* Pods-PetRescue.debug.xcconfig */ = {isa = PBXFileReference; includeInIndex = 1; lastKnownFileType = text.xcconfig; name = "Pods-PetRescue.debug.xcconfig"; path = "Target Support Files/Pods-PetRescue/Pods-PetRescue.debug.xcconfig"; sourceTree = "<group>"; };
		5ABB5D58A0575D735DEA2C46 /* Pods-PetRescueTests.debug.xcconfig */ = {isa = PBXFileReference; includeInIndex = 1; lastKnownFileType = text.xcconfig; name = "Pods-PetRescueTests.debug.xcconfig"; path = "Target Support Files/Pods-PetRescueTests/Pods-PetRescueTests.debug.xcconfig"; sourceTree = "<group>"; };
		5C5C1D9A24767A7B0079DB95 /* MyAdViewController.swift */ = {isa = PBXFileReference; fileEncoding = 4; lastKnownFileType = sourcecode.swift; path = MyAdViewController.swift; sourceTree = "<group>"; };
		5C5C1D9B24767A7B0079DB95 /* ProfilMenuViewController.swift */ = {isa = PBXFileReference; fileEncoding = 4; lastKnownFileType = sourcecode.swift; path = ProfilMenuViewController.swift; sourceTree = "<group>"; };
		5C5C1D9C24767A7B0079DB95 /* Menu.swift */ = {isa = PBXFileReference; fileEncoding = 4; lastKnownFileType = sourcecode.swift; path = Menu.swift; sourceTree = "<group>"; };
		5C5C1DA224767FE70079DB95 /* MyAdTableViewCell.swift */ = {isa = PBXFileReference; lastKnownFileType = sourcecode.swift; path = MyAdTableViewCell.swift; sourceTree = "<group>"; };
		5C5C1DA4247805C60079DB95 /* GoogleService-Info.plist */ = {isa = PBXFileReference; fileEncoding = 4; lastKnownFileType = text.plist.xml; path = "GoogleService-Info.plist"; sourceTree = "<group>"; };
		5C8D726BFA961686A7E7D072 /* Pods-PetRescueTests.release.xcconfig */ = {isa = PBXFileReference; includeInIndex = 1; lastKnownFileType = text.xcconfig; name = "Pods-PetRescueTests.release.xcconfig"; path = "Target Support Files/Pods-PetRescueTests/Pods-PetRescueTests.release.xcconfig"; sourceTree = "<group>"; };
		5C9C2F692460D648002A02F1 /* DetailsViewController.swift */ = {isa = PBXFileReference; lastKnownFileType = sourcecode.swift; path = DetailsViewController.swift; sourceTree = "<group>"; };
		5C9D4CC1245704360015AB09 /* GradientBackground.swift */ = {isa = PBXFileReference; fileEncoding = 4; lastKnownFileType = sourcecode.swift; path = GradientBackground.swift; sourceTree = "<group>"; };
		5C9D4CC72457496C0015AB09 /* NavBarSetUp.swift */ = {isa = PBXFileReference; lastKnownFileType = sourcecode.swift; path = NavBarSetUp.swift; sourceTree = "<group>"; };
		5CA12EFD2458CD26006AC92B /* ResetPasswordViewController.swift */ = {isa = PBXFileReference; lastKnownFileType = sourcecode.swift; path = ResetPasswordViewController.swift; sourceTree = "<group>"; };
		5CA12EFF2458DD03006AC92B /* InputValuesManager.swift */ = {isa = PBXFileReference; lastKnownFileType = sourcecode.swift; path = InputValuesManager.swift; sourceTree = "<group>"; };
		5CA12F012458DFCD006AC92B /* ItemSetUp.swift */ = {isa = PBXFileReference; lastKnownFileType = sourcecode.swift; path = ItemSetUp.swift; sourceTree = "<group>"; };
		5CA12F03245A127D006AC92B /* SignInViewController.swift */ = {isa = PBXFileReference; lastKnownFileType = sourcecode.swift; path = SignInViewController.swift; sourceTree = "<group>"; };
		5CA12F08245C6309006AC92B /* MainFeedController.swift */ = {isa = PBXFileReference; lastKnownFileType = sourcecode.swift; path = MainFeedController.swift; sourceTree = "<group>"; };
		5CA12F0A245E0FF0006AC92B /* MainFeedTableViewCell.swift */ = {isa = PBXFileReference; lastKnownFileType = sourcecode.swift; path = MainFeedTableViewCell.swift; sourceTree = "<group>"; };
		5CA12F0E245F5335006AC92B /* AddAdoptionViewController.swift */ = {isa = PBXFileReference; lastKnownFileType = sourcecode.swift; path = AddAdoptionViewController.swift; sourceTree = "<group>"; };
		5CB7BC01246882D100E09673 /* AdManager.swift */ = {isa = PBXFileReference; lastKnownFileType = sourcecode.swift; path = AdManager.swift; sourceTree = "<group>"; };
		5CC2A26A246B330900231641 /* PickViewDatas.swift */ = {isa = PBXFileReference; lastKnownFileType = sourcecode.swift; path = PickViewDatas.swift; sourceTree = "<group>"; };
		5CCB2DD32454CD070038038A /* UserManager.swift */ = {isa = PBXFileReference; lastKnownFileType = sourcecode.swift; path = UserManager.swift; sourceTree = "<group>"; };
		5CCB2DD52454E45A0038038A /* SignUpViewController.swift */ = {isa = PBXFileReference; lastKnownFileType = sourcecode.swift; path = SignUpViewController.swift; sourceTree = "<group>"; };
		5CD4148724622C2A00FFDB30 /* TabBarSetUpController.swift */ = {isa = PBXFileReference; lastKnownFileType = sourcecode.swift; path = TabBarSetUpController.swift; sourceTree = "<group>"; };
		5CF24C282452306B00077B33 /* PetRescue.app */ = {isa = PBXFileReference; explicitFileType = wrapper.application; includeInIndex = 0; path = PetRescue.app; sourceTree = BUILT_PRODUCTS_DIR; };
		5CF24C2B2452306B00077B33 /* AppDelegate.swift */ = {isa = PBXFileReference; lastKnownFileType = sourcecode.swift; path = AppDelegate.swift; sourceTree = "<group>"; };
		5CF24C2D2452306B00077B33 /* SceneDelegate.swift */ = {isa = PBXFileReference; lastKnownFileType = sourcecode.swift; path = SceneDelegate.swift; sourceTree = "<group>"; };
		5CF24C322452306B00077B33 /* Base */ = {isa = PBXFileReference; lastKnownFileType = file.storyboard; name = Base; path = Base.lproj/Main.storyboard; sourceTree = "<group>"; };
		5CF24C352452306B00077B33 /* PetRescue.xcdatamodel */ = {isa = PBXFileReference; lastKnownFileType = wrapper.xcdatamodel; path = PetRescue.xcdatamodel; sourceTree = "<group>"; };
		5CF24C372452307000077B33 /* Assets.xcassets */ = {isa = PBXFileReference; lastKnownFileType = folder.assetcatalog; path = Assets.xcassets; sourceTree = "<group>"; };
		5CF24C3A2452307000077B33 /* Base */ = {isa = PBXFileReference; lastKnownFileType = file.storyboard; name = Base; path = Base.lproj/LaunchScreen.storyboard; sourceTree = "<group>"; };
		5CF24C3C2452307000077B33 /* Info.plist */ = {isa = PBXFileReference; lastKnownFileType = text.plist.xml; path = Info.plist; sourceTree = "<group>"; };
		5CF24C412452307000077B33 /* PetRescueTests.xctest */ = {isa = PBXFileReference; explicitFileType = wrapper.cfbundle; includeInIndex = 0; path = PetRescueTests.xctest; sourceTree = BUILT_PRODUCTS_DIR; };
		5CF24C452452307000077B33 /* PetRescueTests.swift */ = {isa = PBXFileReference; lastKnownFileType = sourcecode.swift; path = PetRescueTests.swift; sourceTree = "<group>"; };
		5CF24C472452307000077B33 /* Info.plist */ = {isa = PBXFileReference; lastKnownFileType = text.plist.xml; path = Info.plist; sourceTree = "<group>"; };
		5CF24C5424534C9200077B33 /* LogInViewController.swift */ = {isa = PBXFileReference; lastKnownFileType = sourcecode.swift; path = LogInViewController.swift; sourceTree = "<group>"; };
		5CF24C5B24538DCC00077B33 /* Colors.swift */ = {isa = PBXFileReference; lastKnownFileType = sourcecode.swift; path = Colors.swift; sourceTree = "<group>"; };
		A0D95798F06FFAD4326F9929 /* Pods_PetRescueTests.framework */ = {isa = PBXFileReference; explicitFileType = wrapper.framework; includeInIndex = 0; path = Pods_PetRescueTests.framework; sourceTree = BUILT_PRODUCTS_DIR; };
		BB2C9B0CD2A4AD2497FD0EFE /* Pods_PetRescue.framework */ = {isa = PBXFileReference; explicitFileType = wrapper.framework; includeInIndex = 0; path = Pods_PetRescue.framework; sourceTree = BUILT_PRODUCTS_DIR; };
/* End PBXFileReference section */

/* Begin PBXFrameworksBuildPhase section */
		5CF24C252452306B00077B33 /* Frameworks */ = {
			isa = PBXFrameworksBuildPhase;
			buildActionMask = 2147483647;
			files = (
				40DF9BDB20B30601F3F1D398 /* Pods_PetRescue.framework in Frameworks */,
			);
			runOnlyForDeploymentPostprocessing = 0;
		};
		5CF24C3E2452307000077B33 /* Frameworks */ = {
			isa = PBXFrameworksBuildPhase;
			buildActionMask = 2147483647;
			files = (
				3578B7E7C767DF5D7CCA87A8 /* Pods_PetRescueTests.framework in Frameworks */,
			);
			runOnlyForDeploymentPostprocessing = 0;
		};
/* End PBXFrameworksBuildPhase section */

/* Begin PBXGroup section */
		18415C12F36B164E09EF0D04 /* Pods */ = {
			isa = PBXGroup;
			children = (
				2BF171235C611F8AB9CFC1C4 /* Pods-PetRescue.debug.xcconfig */,
				278192B6DDE8671153CA4192 /* Pods-PetRescue.release.xcconfig */,
				5ABB5D58A0575D735DEA2C46 /* Pods-PetRescueTests.debug.xcconfig */,
				5C8D726BFA961686A7E7D072 /* Pods-PetRescueTests.release.xcconfig */,
			);
			path = Pods;
			sourceTree = "<group>";
		};
		196A137E60FB35BF872A2062 /* Frameworks */ = {
			isa = PBXGroup;
			children = (
				BB2C9B0CD2A4AD2497FD0EFE /* Pods_PetRescue.framework */,
				A0D95798F06FFAD4326F9929 /* Pods_PetRescueTests.framework */,
			);
			name = Frameworks;
			sourceTree = "<group>";
		};
		5C5C1D9924767A7B0079DB95 /* Profil Feature */ = {
			isa = PBXGroup;
			children = (
				5C5C1D9B24767A7B0079DB95 /* ProfilMenuViewController.swift */,
				5C5C1D9A24767A7B0079DB95 /* MyAdViewController.swift */,
				5C5C1DA224767FE70079DB95 /* MyAdTableViewCell.swift */,
				5C5C1D9C24767A7B0079DB95 /* Menu.swift */,
			);
			path = "Profil Feature";
			sourceTree = "<group>";
		};
		5C9D4CA22456061C0015AB09 /* Controller */ = {
			isa = PBXGroup;
			children = (
				5CF24C5424534C9200077B33 /* LogInViewController.swift */,
				5CA12F03245A127D006AC92B /* SignInViewController.swift */,
				5CCB2DD52454E45A0038038A /* SignUpViewController.swift */,
				5CA12EFD2458CD26006AC92B /* ResetPasswordViewController.swift */,
				5C9D4CC72457496C0015AB09 /* NavBarSetUp.swift */,
			);
			path = Controller;
			sourceTree = "<group>";
		};
		5CA12F07245C62C4006AC92B /* Adoption feature */ = {
			isa = PBXGroup;
			children = (
				5CB7BC002468821B00E09673 /* Controller */,
				5CA12F0A245E0FF0006AC92B /* MainFeedTableViewCell.swift */,
				5CC2A26A246B330900231641 /* PickViewDatas.swift */,
				5CB7BC01246882D100E09673 /* AdManager.swift */,
			);
			path = "Adoption feature";
			sourceTree = "<group>";
		};
		5CB7BC002468821B00E09673 /* Controller */ = {
			isa = PBXGroup;
			children = (
				5CA12F08245C6309006AC92B /* MainFeedController.swift */,
				5CA12F0E245F5335006AC92B /* AddAdoptionViewController.swift */,
				5C9C2F692460D648002A02F1 /* DetailsViewController.swift */,
				5CD4148724622C2A00FFDB30 /* TabBarSetUpController.swift */,
			);
			path = Controller;
			sourceTree = "<group>";
		};
		5CF24C1F2452306B00077B33 = {
			isa = PBXGroup;
			children = (
				5CF24C2A2452306B00077B33 /* PetRescue */,
				5CF24C442452307000077B33 /* PetRescueTests */,
				5CF24C292452306B00077B33 /* Products */,
				18415C12F36B164E09EF0D04 /* Pods */,
				196A137E60FB35BF872A2062 /* Frameworks */,
			);
			sourceTree = "<group>";
		};
		5CF24C292452306B00077B33 /* Products */ = {
			isa = PBXGroup;
			children = (
				5CF24C282452306B00077B33 /* PetRescue.app */,
				5CF24C412452307000077B33 /* PetRescueTests.xctest */,
			);
			name = Products;
			sourceTree = "<group>";
		};
		5CF24C2A2452306B00077B33 /* PetRescue */ = {
			isa = PBXGroup;
			children = (
				5CF24C3C2452307000077B33 /* Info.plist */,
				5C5C1DA4247805C60079DB95 /* GoogleService-Info.plist */,
				5C5C1D9924767A7B0079DB95 /* Profil Feature */,
				5CF24C51245336C000077B33 /* Support */,
				5CA12F07245C62C4006AC92B /* Adoption feature */,
				5CF24C502453369E00077B33 /* Storyboard */,
				5CF24C5324534C5B00077B33 /* Login Feature */,
				5CF24C52245336DB00077B33 /* Core Data */,
			);
			path = PetRescue;
			sourceTree = "<group>";
		};
		5CF24C442452307000077B33 /* PetRescueTests */ = {
			isa = PBXGroup;
			children = (
				5CF24C452452307000077B33 /* PetRescueTests.swift */,
				5CF24C472452307000077B33 /* Info.plist */,
			);
			path = PetRescueTests;
			sourceTree = "<group>";
		};
		5CF24C502453369E00077B33 /* Storyboard */ = {
			isa = PBXGroup;
			children = (
				5CF24C312452306B00077B33 /* Main.storyboard */,
				5CF24C392452307000077B33 /* LaunchScreen.storyboard */,
			);
			path = Storyboard;
			sourceTree = "<group>";
		};
		5CF24C51245336C000077B33 /* Support */ = {
			isa = PBXGroup;
			children = (
				5CF24C2B2452306B00077B33 /* AppDelegate.swift */,
				5CF24C372452307000077B33 /* Assets.xcassets */,
				5CF24C2D2452306B00077B33 /* SceneDelegate.swift */,
			);
			path = Support;
			sourceTree = "<group>";
		};
		5CF24C52245336DB00077B33 /* Core Data */ = {
			isa = PBXGroup;
			children = (
				5CF24C342452306B00077B33 /* PetRescue.xcdatamodeld */,
			);
			path = "Core Data";
			sourceTree = "<group>";
		};
		5CF24C5324534C5B00077B33 /* Login Feature */ = {
			isa = PBXGroup;
			children = (
				5C9D4CA22456061C0015AB09 /* Controller */,
				5CCB2DD32454CD070038038A /* UserManager.swift */,
				5CA12EFF2458DD03006AC92B /* InputValuesManager.swift */,
				5C9D4CC1245704360015AB09 /* GradientBackground.swift */,
				5CA12F012458DFCD006AC92B /* ItemSetUp.swift */,
				5CF24C5B24538DCC00077B33 /* Colors.swift */,
			);
			path = "Login Feature";
			sourceTree = "<group>";
		};
/* End PBXGroup section */

/* Begin PBXNativeTarget section */
		5CF24C272452306B00077B33 /* PetRescue */ = {
			isa = PBXNativeTarget;
			buildConfigurationList = 5CF24C4A2452307000077B33 /* Build configuration list for PBXNativeTarget "PetRescue" */;
			buildPhases = (
				8B99DB1AD94EE1AF8CA0E49B /* [CP] Check Pods Manifest.lock */,
				5CF24C242452306B00077B33 /* Sources */,
				5CF24C252452306B00077B33 /* Frameworks */,
				5CF24C262452306B00077B33 /* Resources */,
				0E1AB35685D1CFD828CA2E38 /* [CP] Embed Pods Frameworks */,
				5CF24C5624534D1F00077B33 /* ShellScript */,
			);
			buildRules = (
			);
			dependencies = (
			);
			name = PetRescue;
			productName = PetRescue;
			productReference = 5CF24C282452306B00077B33 /* PetRescue.app */;
			productType = "com.apple.product-type.application";
		};
		5CF24C402452307000077B33 /* PetRescueTests */ = {
			isa = PBXNativeTarget;
			buildConfigurationList = 5CF24C4D2452307000077B33 /* Build configuration list for PBXNativeTarget "PetRescueTests" */;
			buildPhases = (
				F903CB25E07BFF2892150E2A /* [CP] Check Pods Manifest.lock */,
				5CF24C3D2452307000077B33 /* Sources */,
				5CF24C3E2452307000077B33 /* Frameworks */,
				5CF24C3F2452307000077B33 /* Resources */,
			);
			buildRules = (
			);
			dependencies = (
				5CF24C432452307000077B33 /* PBXTargetDependency */,
			);
			name = PetRescueTests;
			productName = PetRescueTests;
			productReference = 5CF24C412452307000077B33 /* PetRescueTests.xctest */;
			productType = "com.apple.product-type.bundle.unit-test";
		};
/* End PBXNativeTarget section */

/* Begin PBXProject section */
		5CF24C202452306B00077B33 /* Project object */ = {
			isa = PBXProject;
			attributes = {
				LastSwiftUpdateCheck = 1140;
				LastUpgradeCheck = 1140;
				ORGANIZATIONNAME = Flo;
				TargetAttributes = {
					5CF24C272452306B00077B33 = {
						CreatedOnToolsVersion = 11.4.1;
					};
					5CF24C402452307000077B33 = {
						CreatedOnToolsVersion = 11.4.1;
						TestTargetID = 5CF24C272452306B00077B33;
					};
				};
			};
			buildConfigurationList = 5CF24C232452306B00077B33 /* Build configuration list for PBXProject "PetRescue" */;
			compatibilityVersion = "Xcode 9.3";
			developmentRegion = en;
			hasScannedForEncodings = 0;
			knownRegions = (
				en,
				Base,
			);
			mainGroup = 5CF24C1F2452306B00077B33;
			productRefGroup = 5CF24C292452306B00077B33 /* Products */;
			projectDirPath = "";
			projectRoot = "";
			targets = (
				5CF24C272452306B00077B33 /* PetRescue */,
				5CF24C402452307000077B33 /* PetRescueTests */,
			);
		};
/* End PBXProject section */

/* Begin PBXResourcesBuildPhase section */
		5CF24C262452306B00077B33 /* Resources */ = {
			isa = PBXResourcesBuildPhase;
			buildActionMask = 2147483647;
			files = (
				5CF24C3B2452307000077B33 /* LaunchScreen.storyboard in Resources */,
				5C5C1DA5247805C60079DB95 /* GoogleService-Info.plist in Resources */,
				5CF24C382452307000077B33 /* Assets.xcassets in Resources */,
				5CF24C332452306B00077B33 /* Main.storyboard in Resources */,
			);
			runOnlyForDeploymentPostprocessing = 0;
		};
		5CF24C3F2452307000077B33 /* Resources */ = {
			isa = PBXResourcesBuildPhase;
			buildActionMask = 2147483647;
			files = (
			);
			runOnlyForDeploymentPostprocessing = 0;
		};
/* End PBXResourcesBuildPhase section */

/* Begin PBXShellScriptBuildPhase section */
		0E1AB35685D1CFD828CA2E38 /* [CP] Embed Pods Frameworks */ = {
			isa = PBXShellScriptBuildPhase;
			buildActionMask = 2147483647;
			files = (
			);
			inputFileListPaths = (
				"${PODS_ROOT}/Target Support Files/Pods-PetRescue/Pods-PetRescue-frameworks-${CONFIGURATION}-input-files.xcfilelist",
			);
			name = "[CP] Embed Pods Frameworks";
			outputFileListPaths = (
				"${PODS_ROOT}/Target Support Files/Pods-PetRescue/Pods-PetRescue-frameworks-${CONFIGURATION}-output-files.xcfilelist",
			);
			runOnlyForDeploymentPostprocessing = 0;
			shellPath = /bin/sh;
			shellScript = "\"${PODS_ROOT}/Target Support Files/Pods-PetRescue/Pods-PetRescue-frameworks.sh\"\n";
			showEnvVarsInLog = 0;
		};
		5CF24C5624534D1F00077B33 /* ShellScript */ = {
			isa = PBXShellScriptBuildPhase;
			buildActionMask = 2147483647;
			files = (
			);
			inputFileListPaths = (
			);
			inputPaths = (
			);
			outputFileListPaths = (
			);
			outputPaths = (
			);
			runOnlyForDeploymentPostprocessing = 0;
			shellPath = /bin/sh;
			shellScript = "if which swiftlint >/dev/null; then\n    swiftlint\nelse\n    echo \"warning: SwiftLint not installed, download from https://github.com/realm/SwiftLint\"\nfi\n";
		};
		8B99DB1AD94EE1AF8CA0E49B /* [CP] Check Pods Manifest.lock */ = {
			isa = PBXShellScriptBuildPhase;
			buildActionMask = 2147483647;
			files = (
			);
			inputFileListPaths = (
			);
			inputPaths = (
				"${PODS_PODFILE_DIR_PATH}/Podfile.lock",
				"${PODS_ROOT}/Manifest.lock",
			);
			name = "[CP] Check Pods Manifest.lock";
			outputFileListPaths = (
			);
			outputPaths = (
				"$(DERIVED_FILE_DIR)/Pods-PetRescue-checkManifestLockResult.txt",
			);
			runOnlyForDeploymentPostprocessing = 0;
			shellPath = /bin/sh;
			shellScript = "diff \"${PODS_PODFILE_DIR_PATH}/Podfile.lock\" \"${PODS_ROOT}/Manifest.lock\" > /dev/null\nif [ $? != 0 ] ; then\n    # print error to STDERR\n    echo \"error: The sandbox is not in sync with the Podfile.lock. Run 'pod install' or update your CocoaPods installation.\" >&2\n    exit 1\nfi\n# This output is used by Xcode 'outputs' to avoid re-running this script phase.\necho \"SUCCESS\" > \"${SCRIPT_OUTPUT_FILE_0}\"\n";
			showEnvVarsInLog = 0;
		};
		F903CB25E07BFF2892150E2A /* [CP] Check Pods Manifest.lock */ = {
			isa = PBXShellScriptBuildPhase;
			buildActionMask = 2147483647;
			files = (
			);
			inputFileListPaths = (
			);
			inputPaths = (
				"${PODS_PODFILE_DIR_PATH}/Podfile.lock",
				"${PODS_ROOT}/Manifest.lock",
			);
			name = "[CP] Check Pods Manifest.lock";
			outputFileListPaths = (
			);
			outputPaths = (
				"$(DERIVED_FILE_DIR)/Pods-PetRescueTests-checkManifestLockResult.txt",
			);
			runOnlyForDeploymentPostprocessing = 0;
			shellPath = /bin/sh;
			shellScript = "diff \"${PODS_PODFILE_DIR_PATH}/Podfile.lock\" \"${PODS_ROOT}/Manifest.lock\" > /dev/null\nif [ $? != 0 ] ; then\n    # print error to STDERR\n    echo \"error: The sandbox is not in sync with the Podfile.lock. Run 'pod install' or update your CocoaPods installation.\" >&2\n    exit 1\nfi\n# This output is used by Xcode 'outputs' to avoid re-running this script phase.\necho \"SUCCESS\" > \"${SCRIPT_OUTPUT_FILE_0}\"\n";
			showEnvVarsInLog = 0;
		};
/* End PBXShellScriptBuildPhase section */

/* Begin PBXSourcesBuildPhase section */
		5CF24C242452306B00077B33 /* Sources */ = {
			isa = PBXSourcesBuildPhase;
			buildActionMask = 2147483647;
			files = (
				5C5C1DA324767FE70079DB95 /* MyAdTableViewCell.swift in Sources */,
				5C5C1D9D24767A7B0079DB95 /* MyAdViewController.swift in Sources */,
				5CA12F0F245F5335006AC92B /* AddAdoptionViewController.swift in Sources */,
				5CA12F04245A127D006AC92B /* SignInViewController.swift in Sources */,
				5CF24C5524534C9200077B33 /* LogInViewController.swift in Sources */,
				5C9D4CC2245704360015AB09 /* GradientBackground.swift in Sources */,
				5CD4148824622C2A00FFDB30 /* TabBarSetUpController.swift in Sources */,
				5CC2A26B246B330900231641 /* PickViewDatas.swift in Sources */,
				5CB7BC02246882D100E09673 /* AdManager.swift in Sources */,
				5CA12EFE2458CD26006AC92B /* ResetPasswordViewController.swift in Sources */,
				5CF24C5C24538DCC00077B33 /* Colors.swift in Sources */,
				5CCB2DD62454E45A0038038A /* SignUpViewController.swift in Sources */,
				5CF24C2C2452306B00077B33 /* AppDelegate.swift in Sources */,
				5CF24C362452306B00077B33 /* PetRescue.xcdatamodeld in Sources */,
				5CA12F09245C6309006AC92B /* MainFeedController.swift in Sources */,
				5C5C1D9F24767A7B0079DB95 /* Menu.swift in Sources */,
				5C9D4CC82457496C0015AB09 /* NavBarSetUp.swift in Sources */,
				5C9C2F6A2460D648002A02F1 /* DetailsViewController.swift in Sources */,
				5CA12F002458DD03006AC92B /* InputValuesManager.swift in Sources */,
				5CA12F0B245E0FF0006AC92B /* MainFeedTableViewCell.swift in Sources */,
				5CF24C2E2452306B00077B33 /* SceneDelegate.swift in Sources */,
				5C5C1D9E24767A7B0079DB95 /* ProfilMenuViewController.swift in Sources */,
				5CA12F022458DFCD006AC92B /* ItemSetUp.swift in Sources */,
				5CCB2DD42454CD070038038A /* UserManager.swift in Sources */,
			);
			runOnlyForDeploymentPostprocessing = 0;
		};
		5CF24C3D2452307000077B33 /* Sources */ = {
			isa = PBXSourcesBuildPhase;
			buildActionMask = 2147483647;
			files = (
				5CF24C462452307000077B33 /* PetRescueTests.swift in Sources */,
			);
			runOnlyForDeploymentPostprocessing = 0;
		};
/* End PBXSourcesBuildPhase section */

/* Begin PBXTargetDependency section */
		5CF24C432452307000077B33 /* PBXTargetDependency */ = {
			isa = PBXTargetDependency;
			target = 5CF24C272452306B00077B33 /* PetRescue */;
			targetProxy = 5CF24C422452307000077B33 /* PBXContainerItemProxy */;
		};
/* End PBXTargetDependency section */

/* Begin PBXVariantGroup section */
		5CF24C312452306B00077B33 /* Main.storyboard */ = {
			isa = PBXVariantGroup;
			children = (
				5CF24C322452306B00077B33 /* Base */,
			);
			name = Main.storyboard;
			sourceTree = "<group>";
		};
		5CF24C392452307000077B33 /* LaunchScreen.storyboard */ = {
			isa = PBXVariantGroup;
			children = (
				5CF24C3A2452307000077B33 /* Base */,
			);
			name = LaunchScreen.storyboard;
			sourceTree = "<group>";
		};
/* End PBXVariantGroup section */

/* Begin XCBuildConfiguration section */
		5CF24C482452307000077B33 /* Debug */ = {
			isa = XCBuildConfiguration;
			buildSettings = {
				ALWAYS_SEARCH_USER_PATHS = NO;
				CLANG_ANALYZER_NONNULL = YES;
				CLANG_ANALYZER_NUMBER_OBJECT_CONVERSION = YES_AGGRESSIVE;
				CLANG_CXX_LANGUAGE_STANDARD = "gnu++14";
				CLANG_CXX_LIBRARY = "libc++";
				CLANG_ENABLE_MODULES = YES;
				CLANG_ENABLE_OBJC_ARC = YES;
				CLANG_ENABLE_OBJC_WEAK = YES;
				CLANG_WARN_BLOCK_CAPTURE_AUTORELEASING = YES;
				CLANG_WARN_BOOL_CONVERSION = YES;
				CLANG_WARN_COMMA = YES;
				CLANG_WARN_CONSTANT_CONVERSION = YES;
				CLANG_WARN_DEPRECATED_OBJC_IMPLEMENTATIONS = YES;
				CLANG_WARN_DIRECT_OBJC_ISA_USAGE = YES_ERROR;
				CLANG_WARN_DOCUMENTATION_COMMENTS = YES;
				CLANG_WARN_EMPTY_BODY = YES;
				CLANG_WARN_ENUM_CONVERSION = YES;
				CLANG_WARN_INFINITE_RECURSION = YES;
				CLANG_WARN_INT_CONVERSION = YES;
				CLANG_WARN_NON_LITERAL_NULL_CONVERSION = YES;
				CLANG_WARN_OBJC_IMPLICIT_RETAIN_SELF = YES;
				CLANG_WARN_OBJC_LITERAL_CONVERSION = YES;
				CLANG_WARN_OBJC_ROOT_CLASS = YES_ERROR;
				CLANG_WARN_RANGE_LOOP_ANALYSIS = YES;
				CLANG_WARN_STRICT_PROTOTYPES = YES;
				CLANG_WARN_SUSPICIOUS_MOVE = YES;
				CLANG_WARN_UNGUARDED_AVAILABILITY = YES_AGGRESSIVE;
				CLANG_WARN_UNREACHABLE_CODE = YES;
				CLANG_WARN__DUPLICATE_METHOD_MATCH = YES;
				COPY_PHASE_STRIP = NO;
				DEBUG_INFORMATION_FORMAT = dwarf;
				ENABLE_STRICT_OBJC_MSGSEND = YES;
				ENABLE_TESTABILITY = YES;
				GCC_C_LANGUAGE_STANDARD = gnu11;
				GCC_DYNAMIC_NO_PIC = NO;
				GCC_NO_COMMON_BLOCKS = YES;
				GCC_OPTIMIZATION_LEVEL = 0;
				GCC_PREPROCESSOR_DEFINITIONS = (
					"DEBUG=1",
					"$(inherited)",
				);
				GCC_WARN_64_TO_32_BIT_CONVERSION = YES;
				GCC_WARN_ABOUT_RETURN_TYPE = YES_ERROR;
				GCC_WARN_UNDECLARED_SELECTOR = YES;
				GCC_WARN_UNINITIALIZED_AUTOS = YES_AGGRESSIVE;
				GCC_WARN_UNUSED_FUNCTION = YES;
				GCC_WARN_UNUSED_VARIABLE = YES;
				IPHONEOS_DEPLOYMENT_TARGET = 13.4;
				MTL_ENABLE_DEBUG_INFO = INCLUDE_SOURCE;
				MTL_FAST_MATH = YES;
				ONLY_ACTIVE_ARCH = YES;
				SDKROOT = iphoneos;
				SWIFT_ACTIVE_COMPILATION_CONDITIONS = DEBUG;
				SWIFT_OPTIMIZATION_LEVEL = "-Onone";
			};
			name = Debug;
		};
		5CF24C492452307000077B33 /* Release */ = {
			isa = XCBuildConfiguration;
			buildSettings = {
				ALWAYS_SEARCH_USER_PATHS = NO;
				CLANG_ANALYZER_NONNULL = YES;
				CLANG_ANALYZER_NUMBER_OBJECT_CONVERSION = YES_AGGRESSIVE;
				CLANG_CXX_LANGUAGE_STANDARD = "gnu++14";
				CLANG_CXX_LIBRARY = "libc++";
				CLANG_ENABLE_MODULES = YES;
				CLANG_ENABLE_OBJC_ARC = YES;
				CLANG_ENABLE_OBJC_WEAK = YES;
				CLANG_WARN_BLOCK_CAPTURE_AUTORELEASING = YES;
				CLANG_WARN_BOOL_CONVERSION = YES;
				CLANG_WARN_COMMA = YES;
				CLANG_WARN_CONSTANT_CONVERSION = YES;
				CLANG_WARN_DEPRECATED_OBJC_IMPLEMENTATIONS = YES;
				CLANG_WARN_DIRECT_OBJC_ISA_USAGE = YES_ERROR;
				CLANG_WARN_DOCUMENTATION_COMMENTS = YES;
				CLANG_WARN_EMPTY_BODY = YES;
				CLANG_WARN_ENUM_CONVERSION = YES;
				CLANG_WARN_INFINITE_RECURSION = YES;
				CLANG_WARN_INT_CONVERSION = YES;
				CLANG_WARN_NON_LITERAL_NULL_CONVERSION = YES;
				CLANG_WARN_OBJC_IMPLICIT_RETAIN_SELF = YES;
				CLANG_WARN_OBJC_LITERAL_CONVERSION = YES;
				CLANG_WARN_OBJC_ROOT_CLASS = YES_ERROR;
				CLANG_WARN_RANGE_LOOP_ANALYSIS = YES;
				CLANG_WARN_STRICT_PROTOTYPES = YES;
				CLANG_WARN_SUSPICIOUS_MOVE = YES;
				CLANG_WARN_UNGUARDED_AVAILABILITY = YES_AGGRESSIVE;
				CLANG_WARN_UNREACHABLE_CODE = YES;
				CLANG_WARN__DUPLICATE_METHOD_MATCH = YES;
				COPY_PHASE_STRIP = NO;
				DEBUG_INFORMATION_FORMAT = "dwarf-with-dsym";
				ENABLE_NS_ASSERTIONS = NO;
				ENABLE_STRICT_OBJC_MSGSEND = YES;
				GCC_C_LANGUAGE_STANDARD = gnu11;
				GCC_NO_COMMON_BLOCKS = YES;
				GCC_WARN_64_TO_32_BIT_CONVERSION = YES;
				GCC_WARN_ABOUT_RETURN_TYPE = YES_ERROR;
				GCC_WARN_UNDECLARED_SELECTOR = YES;
				GCC_WARN_UNINITIALIZED_AUTOS = YES_AGGRESSIVE;
				GCC_WARN_UNUSED_FUNCTION = YES;
				GCC_WARN_UNUSED_VARIABLE = YES;
				IPHONEOS_DEPLOYMENT_TARGET = 13.4;
				MTL_ENABLE_DEBUG_INFO = NO;
				MTL_FAST_MATH = YES;
				SDKROOT = iphoneos;
				SWIFT_COMPILATION_MODE = wholemodule;
				SWIFT_OPTIMIZATION_LEVEL = "-O";
				VALIDATE_PRODUCT = YES;
			};
			name = Release;
		};
		5CF24C4B2452307000077B33 /* Debug */ = {
			isa = XCBuildConfiguration;
			baseConfigurationReference = 2BF171235C611F8AB9CFC1C4 /* Pods-PetRescue.debug.xcconfig */;
			buildSettings = {
				ASSETCATALOG_COMPILER_APPICON_NAME = AppIcon;
				CODE_SIGN_STYLE = Automatic;
				DEVELOPMENT_TEAM = U52V863HN3;
				INFOPLIST_FILE = PetRescue/Info.plist;
				IPHONEOS_DEPLOYMENT_TARGET = 11.0;
				LD_RUNPATH_SEARCH_PATHS = (
					"$(inherited)",
					"@executable_path/Frameworks",
				);
				PRODUCT_BUNDLE_IDENTIFIER = com.flo.PetRescue;
				PRODUCT_NAME = "$(TARGET_NAME)";
				SWIFT_VERSION = 5.0;
				TARGETED_DEVICE_FAMILY = 1;
			};
			name = Debug;
		};
		5CF24C4C2452307000077B33 /* Release */ = {
			isa = XCBuildConfiguration;
			baseConfigurationReference = 278192B6DDE8671153CA4192 /* Pods-PetRescue.release.xcconfig */;
			buildSettings = {
				ASSETCATALOG_COMPILER_APPICON_NAME = AppIcon;
				CODE_SIGN_STYLE = Automatic;
				DEVELOPMENT_TEAM = U52V863HN3;
				INFOPLIST_FILE = PetRescue/Info.plist;
				IPHONEOS_DEPLOYMENT_TARGET = 11.0;
				LD_RUNPATH_SEARCH_PATHS = (
					"$(inherited)",
					"@executable_path/Frameworks",
				);
				PRODUCT_BUNDLE_IDENTIFIER = com.flo.PetRescue;
				PRODUCT_NAME = "$(TARGET_NAME)";
				SWIFT_VERSION = 5.0;
				TARGETED_DEVICE_FAMILY = 1;
			};
			name = Release;
		};
		5CF24C4E2452307000077B33 /* Debug */ = {
			isa = XCBuildConfiguration;
			baseConfigurationReference = 5ABB5D58A0575D735DEA2C46 /* Pods-PetRescueTests.debug.xcconfig */;
			buildSettings = {
				ALWAYS_EMBED_SWIFT_STANDARD_LIBRARIES = YES;
				BUNDLE_LOADER = "$(TEST_HOST)";
				CODE_SIGN_STYLE = Automatic;
				DEVELOPMENT_TEAM = U52V863HN3;
				INFOPLIST_FILE = PetRescueTests/Info.plist;
				IPHONEOS_DEPLOYMENT_TARGET = 13.4;
				LD_RUNPATH_SEARCH_PATHS = (
					"$(inherited)",
					"@executable_path/Frameworks",
					"@loader_path/Frameworks",
				);
				PRODUCT_BUNDLE_IDENTIFIER = com.flo.PetRescueTests;
				PRODUCT_NAME = "$(TARGET_NAME)";
				SWIFT_VERSION = 5.0;
				TARGETED_DEVICE_FAMILY = "1,2";
				TEST_HOST = "$(BUILT_PRODUCTS_DIR)/PetRescue.app/PetRescue";
			};
			name = Debug;
		};
		5CF24C4F2452307000077B33 /* Release */ = {
			isa = XCBuildConfiguration;
			baseConfigurationReference = 5C8D726BFA961686A7E7D072 /* Pods-PetRescueTests.release.xcconfig */;
			buildSettings = {
				ALWAYS_EMBED_SWIFT_STANDARD_LIBRARIES = YES;
				BUNDLE_LOADER = "$(TEST_HOST)";
				CODE_SIGN_STYLE = Automatic;
				DEVELOPMENT_TEAM = U52V863HN3;
				INFOPLIST_FILE = PetRescueTests/Info.plist;
				IPHONEOS_DEPLOYMENT_TARGET = 13.4;
				LD_RUNPATH_SEARCH_PATHS = (
					"$(inherited)",
					"@executable_path/Frameworks",
					"@loader_path/Frameworks",
				);
				PRODUCT_BUNDLE_IDENTIFIER = com.flo.PetRescueTests;
				PRODUCT_NAME = "$(TARGET_NAME)";
				SWIFT_VERSION = 5.0;
				TARGETED_DEVICE_FAMILY = "1,2";
				TEST_HOST = "$(BUILT_PRODUCTS_DIR)/PetRescue.app/PetRescue";
			};
			name = Release;
		};
/* End XCBuildConfiguration section */

/* Begin XCConfigurationList section */
		5CF24C232452306B00077B33 /* Build configuration list for PBXProject "PetRescue" */ = {
			isa = XCConfigurationList;
			buildConfigurations = (
				5CF24C482452307000077B33 /* Debug */,
				5CF24C492452307000077B33 /* Release */,
			);
			defaultConfigurationIsVisible = 0;
			defaultConfigurationName = Release;
		};
		5CF24C4A2452307000077B33 /* Build configuration list for PBXNativeTarget "PetRescue" */ = {
			isa = XCConfigurationList;
			buildConfigurations = (
				5CF24C4B2452307000077B33 /* Debug */,
				5CF24C4C2452307000077B33 /* Release */,
			);
			defaultConfigurationIsVisible = 0;
			defaultConfigurationName = Release;
		};
		5CF24C4D2452307000077B33 /* Build configuration list for PBXNativeTarget "PetRescueTests" */ = {
			isa = XCConfigurationList;
			buildConfigurations = (
				5CF24C4E2452307000077B33 /* Debug */,
				5CF24C4F2452307000077B33 /* Release */,
			);
			defaultConfigurationIsVisible = 0;
			defaultConfigurationName = Release;
		};
/* End XCConfigurationList section */

/* Begin XCVersionGroup section */
		5CF24C342452306B00077B33 /* PetRescue.xcdatamodeld */ = {
			isa = XCVersionGroup;
			children = (
				5CF24C352452306B00077B33 /* PetRescue.xcdatamodel */,
			);
			currentVersion = 5CF24C352452306B00077B33 /* PetRescue.xcdatamodel */;
			path = PetRescue.xcdatamodeld;
			sourceTree = "<group>";
			versionGroupType = wrapper.xcdatamodel;
		};
/* End XCVersionGroup section */
	};
	rootObject = 5CF24C202452306B00077B33 /* Project object */;
}
